// !$*UTF8*$!
{
	archiveVersion = 1;
	classes = {
	};
	objectVersion = 50;
	objects = {

/* Begin PBXBuildFile section */
		5885B0D7254397F200006BE3 /* FlixTests.swift in Sources */ = {isa = PBXBuildFile; fileRef = 5885B0D6254397F200006BE3 /* FlixTests.swift */; };
		5885B0E2254397F200006BE3 /* FlixUITests.swift in Sources */ = {isa = PBXBuildFile; fileRef = 5885B0E1254397F200006BE3 /* FlixUITests.swift */; };
		5885B0FF25439EC900006BE3 /* Services in Resources */ = {isa = PBXBuildFile; fileRef = 5885B0F925439EC800006BE3 /* Services */; };
		5885B10025439EC900006BE3 /* Resources in Resources */ = {isa = PBXBuildFile; fileRef = 5885B0FA25439EC800006BE3 /* Resources */; };
		5885B10125439EC900006BE3 /* Controllers in Resources */ = {isa = PBXBuildFile; fileRef = 5885B0FB25439EC800006BE3 /* Controllers */; };
		5885B10225439EC900006BE3 /* Info.plist in Resources */ = {isa = PBXBuildFile; fileRef = 5885B0FC25439EC800006BE3 /* Info.plist */; };
		5885B10325439EC900006BE3 /* Views in Resources */ = {isa = PBXBuildFile; fileRef = 5885B0FD25439EC900006BE3 /* Views */; };
		5885B10425439EC900006BE3 /* DataModels in Resources */ = {isa = PBXBuildFile; fileRef = 5885B0FE25439EC900006BE3 /* DataModels */; };
		5885B10925439FE900006BE3 /* walkthrough.gif in Resources */ = {isa = PBXBuildFile; fileRef = 5885B10825439FE900006BE3 /* walkthrough.gif */; };
/* End PBXBuildFile section */

/* Begin PBXContainerItemProxy section */
		5885B0D3254397F200006BE3 /* PBXContainerItemProxy */ = {
			isa = PBXContainerItemProxy;
			containerPortal = 5885B0B4254397F000006BE3 /* Project object */;
			proxyType = 1;
			remoteGlobalIDString = 5885B0BB254397F000006BE3;
			remoteInfo = Flix;
		};
		5885B0DE254397F200006BE3 /* PBXContainerItemProxy */ = {
			isa = PBXContainerItemProxy;
			containerPortal = 5885B0B4254397F000006BE3 /* Project object */;
			proxyType = 1;
			remoteGlobalIDString = 5885B0BB254397F000006BE3;
			remoteInfo = Flix;
		};
/* End PBXContainerItemProxy section */

/* Begin PBXFileReference section */
		5885B0BC254397F000006BE3 /* Flix.app */ = {isa = PBXFileReference; explicitFileType = wrapper.application; includeInIndex = 0; path = Flix.app; sourceTree = BUILT_PRODUCTS_DIR; };
		5885B0D2254397F200006BE3 /* FlixTests.xctest */ = {isa = PBXFileReference; explicitFileType = wrapper.cfbundle; includeInIndex = 0; path = FlixTests.xctest; sourceTree = BUILT_PRODUCTS_DIR; };
		5885B0D6254397F200006BE3 /* FlixTests.swift */ = {isa = PBXFileReference; lastKnownFileType = sourcecode.swift; path = FlixTests.swift; sourceTree = "<group>"; };
		5885B0D8254397F200006BE3 /* Info.plist */ = {isa = PBXFileReference; lastKnownFileType = text.plist.xml; path = Info.plist; sourceTree = "<group>"; };
		5885B0DD254397F200006BE3 /* FlixUITests.xctest */ = {isa = PBXFileReference; explicitFileType = wrapper.cfbundle; includeInIndex = 0; path = FlixUITests.xctest; sourceTree = BUILT_PRODUCTS_DIR; };
		5885B0E1254397F200006BE3 /* FlixUITests.swift */ = {isa = PBXFileReference; lastKnownFileType = sourcecode.swift; path = FlixUITests.swift; sourceTree = "<group>"; };
		5885B0E3254397F200006BE3 /* Info.plist */ = {isa = PBXFileReference; lastKnownFileType = text.plist.xml; path = Info.plist; sourceTree = "<group>"; };
		5885B0F925439EC800006BE3 /* Services */ = {isa = PBXFileReference; lastKnownFileType = folder; path = Services; sourceTree = "<group>"; };
		5885B0FA25439EC800006BE3 /* Resources */ = {isa = PBXFileReference; lastKnownFileType = folder; path = Resources; sourceTree = "<group>"; };
		5885B0FB25439EC800006BE3 /* Controllers */ = {isa = PBXFileReference; lastKnownFileType = folder; path = Controllers; sourceTree = "<group>"; };
		5885B0FC25439EC800006BE3 /* Info.plist */ = {isa = PBXFileReference; fileEncoding = 4; lastKnownFileType = text.plist.xml; path = Info.plist; sourceTree = "<group>"; };
		5885B0FD25439EC900006BE3 /* Views */ = {isa = PBXFileReference; lastKnownFileType = folder; path = Views; sourceTree = "<group>"; };
		5885B0FE25439EC900006BE3 /* DataModels */ = {isa = PBXFileReference; lastKnownFileType = folder; path = DataModels; sourceTree = "<group>"; };
		5885B10825439FE900006BE3 /* walkthrough.gif */ = {isa = PBXFileReference; lastKnownFileType = image.gif; path = walkthrough.gif; sourceTree = "<group>"; };
/* End PBXFileReference section */

/* Begin PBXFrameworksBuildPhase section */
		5885B0B9254397F000006BE3 /* Frameworks */ = {
			isa = PBXFrameworksBuildPhase;
			buildActionMask = 2147483647;
			files = (
			);
			runOnlyForDeploymentPostprocessing = 0;
		};
		5885B0CF254397F200006BE3 /* Frameworks */ = {
			isa = PBXFrameworksBuildPhase;
			buildActionMask = 2147483647;
			files = (
			);
			runOnlyForDeploymentPostprocessing = 0;
		};
		5885B0DA254397F200006BE3 /* Frameworks */ = {
			isa = PBXFrameworksBuildPhase;
			buildActionMask = 2147483647;
			files = (
			);
			runOnlyForDeploymentPostprocessing = 0;
		};
/* End PBXFrameworksBuildPhase section */

/* Begin PBXGroup section */
		5885B0B3254397F000006BE3 = {
			isa = PBXGroup;
			children = (
				5885B0BE254397F000006BE3 /* Flix */,
				5885B0D5254397F200006BE3 /* FlixTests */,
				5885B0E0254397F200006BE3 /* FlixUITests */,
				5885B0BD254397F000006BE3 /* Products */,
			);
			sourceTree = "<group>";
		};
		5885B0BD254397F000006BE3 /* Products */ = {
			isa = PBXGroup;
			children = (
				5885B0BC254397F000006BE3 /* Flix.app */,
				5885B0D2254397F200006BE3 /* FlixTests.xctest */,
				5885B0DD254397F200006BE3 /* FlixUITests.xctest */,
			);
			name = Products;
			sourceTree = "<group>";
		};
		5885B0BE254397F000006BE3 /* Flix */ = {
			isa = PBXGroup;
			children = (
				5885B10825439FE900006BE3 /* walkthrough.gif */,
				5885B0FB25439EC800006BE3 /* Controllers */,
				5885B0FE25439EC900006BE3 /* DataModels */,
				5885B0FC25439EC800006BE3 /* Info.plist */,
				5885B0FA25439EC800006BE3 /* Resources */,
				5885B0F925439EC800006BE3 /* Services */,
				5885B0FD25439EC900006BE3 /* Views */,
			);
			path = Flix;
			sourceTree = "<group>";
		};
		5885B0D5254397F200006BE3 /* FlixTests */ = {
			isa = PBXGroup;
			children = (
				5885B0D6254397F200006BE3 /* FlixTests.swift */,
				5885B0D8254397F200006BE3 /* Info.plist */,
			);
			path = FlixTests;
			sourceTree = "<group>";
		};
		5885B0E0254397F200006BE3 /* FlixUITests */ = {
			isa = PBXGroup;
			children = (
				5885B0E1254397F200006BE3 /* FlixUITests.swift */,
				5885B0E3254397F200006BE3 /* Info.plist */,
			);
			path = FlixUITests;
			sourceTree = "<group>";
		};
/* End PBXGroup section */

/* Begin PBXNativeTarget section */
		5885B0BB254397F000006BE3 /* Flix */ = {
			isa = PBXNativeTarget;
			buildConfigurationList = 5885B0E6254397F200006BE3 /* Build configuration list for PBXNativeTarget "Flix" */;
			buildPhases = (
				5885B0B8254397F000006BE3 /* Sources */,
				5885B0B9254397F000006BE3 /* Frameworks */,
				5885B0BA254397F000006BE3 /* Resources */,
			);
			buildRules = (
			);
			dependencies = (
			);
			name = Flix;
			productName = Flix;
			productReference = 5885B0BC254397F000006BE3 /* Flix.app */;
			productType = "com.apple.product-type.application";
		};
		5885B0D1254397F200006BE3 /* FlixTests */ = {
			isa = PBXNativeTarget;
			buildConfigurationList = 5885B0E9254397F200006BE3 /* Build configuration list for PBXNativeTarget "FlixTests" */;
			buildPhases = (
				5885B0CE254397F200006BE3 /* Sources */,
				5885B0CF254397F200006BE3 /* Frameworks */,
				5885B0D0254397F200006BE3 /* Resources */,
			);
			buildRules = (
			);
			dependencies = (
				5885B0D4254397F200006BE3 /* PBXTargetDependency */,
			);
			name = FlixTests;
			productName = FlixTests;
			productReference = 5885B0D2254397F200006BE3 /* FlixTests.xctest */;
			productType = "com.apple.product-type.bundle.unit-test";
		};
		5885B0DC254397F200006BE3 /* FlixUITests */ = {
			isa = PBXNativeTarget;
			buildConfigurationList = 5885B0EC254397F200006BE3 /* Build configuration list for PBXNativeTarget "FlixUITests" */;
			buildPhases = (
				5885B0D9254397F200006BE3 /* Sources */,
				5885B0DA254397F200006BE3 /* Frameworks */,
				5885B0DB254397F200006BE3 /* Resources */,
			);
			buildRules = (
			);
			dependencies = (
				5885B0DF254397F200006BE3 /* PBXTargetDependency */,
			);
			name = FlixUITests;
			productName = FlixUITests;
			productReference = 5885B0DD254397F200006BE3 /* FlixUITests.xctest */;
			productType = "com.apple.product-type.bundle.ui-testing";
		};
/* End PBXNativeTarget section */

/* Begin PBXProject section */
		5885B0B4254397F000006BE3 /* Project object */ = {
			isa = PBXProject;
			attributes = {
				LastSwiftUpdateCheck = 1200;
				LastUpgradeCheck = 1200;
				TargetAttributes = {
					5885B0BB254397F000006BE3 = {
						CreatedOnToolsVersion = 12.0.1;
					};
					5885B0D1254397F200006BE3 = {
						CreatedOnToolsVersion = 12.0.1;
						TestTargetID = 5885B0BB254397F000006BE3;
					};
					5885B0DC254397F200006BE3 = {
						CreatedOnToolsVersion = 12.0.1;
						TestTargetID = 5885B0BB254397F000006BE3;
					};
				};
			};
			buildConfigurationList = 5885B0B7254397F000006BE3 /* Build configuration list for PBXProject "Flix" */;
			compatibilityVersion = "Xcode 9.3";
			developmentRegion = en;
			hasScannedForEncodings = 0;
			knownRegions = (
				en,
				Base,
			);
			mainGroup = 5885B0B3254397F000006BE3;
			productRefGroup = 5885B0BD254397F000006BE3 /* Products */;
			projectDirPath = "";
			projectRoot = "";
			targets = (
				5885B0BB254397F000006BE3 /* Flix */,
				5885B0D1254397F200006BE3 /* FlixTests */,
				5885B0DC254397F200006BE3 /* FlixUITests */,
			);
		};
/* End PBXProject section */

/* Begin PBXResourcesBuildPhase section */
		5885B0BA254397F000006BE3 /* Resources */ = {
			isa = PBXResourcesBuildPhase;
			buildActionMask = 2147483647;
			files = (
				5885B10225439EC900006BE3 /* Info.plist in Resources */,
				5885B10025439EC900006BE3 /* Resources in Resources */,
				5885B0FF25439EC900006BE3 /* Services in Resources */,
				5885B10125439EC900006BE3 /* Controllers in Resources */,
				5885B10425439EC900006BE3 /* DataModels in Resources */,
				5885B10325439EC900006BE3 /* Views in Resources */,
				5885B10925439FE900006BE3 /* walkthrough.gif in Resources */,
			);
			runOnlyForDeploymentPostprocessing = 0;
		};
		5885B0D0254397F200006BE3 /* Resources */ = {
			isa = PBXResourcesBuildPhase;
			buildActionMask = 2147483647;
			files = (
			);
			runOnlyForDeploymentPostprocessing = 0;
		};
		5885B0DB254397F200006BE3 /* Resources */ = {
			isa = PBXResourcesBuildPhase;
			buildActionMask = 2147483647;
			files = (
			);
			runOnlyForDeploymentPostprocessing = 0;
		};
/* End PBXResourcesBuildPhase section */

/* Begin PBXSourcesBuildPhase section */
		5885B0B8254397F000006BE3 /* Sources */ = {
			isa = PBXSourcesBuildPhase;
			buildActionMask = 2147483647;
			files = (
			);
			runOnlyForDeploymentPostprocessing = 0;
		};
		5885B0CE254397F200006BE3 /* Sources */ = {
			isa = PBXSourcesBuildPhase;
			buildActionMask = 2147483647;
			files = (
				5885B0D7254397F200006BE3 /* FlixTests.swift in Sources */,
			);
			runOnlyForDeploymentPostprocessing = 0;
		};
		5885B0D9254397F200006BE3 /* Sources */ = {
			isa = PBXSourcesBuildPhase;
			buildActionMask = 2147483647;
			files = (
				5885B0E2254397F200006BE3 /* FlixUITests.swift in Sources */,
			);
			runOnlyForDeploymentPostprocessing = 0;
		};
/* End PBXSourcesBuildPhase section */

/* Begin PBXTargetDependency section */
		5885B0D4254397F200006BE3 /* PBXTargetDependency */ = {
			isa = PBXTargetDependency;
			target = 5885B0BB254397F000006BE3 /* Flix */;
			targetProxy = 5885B0D3254397F200006BE3 /* PBXContainerItemProxy */;
		};
		5885B0DF254397F200006BE3 /* PBXTargetDependency */ = {
			isa = PBXTargetDependency;
			target = 5885B0BB254397F000006BE3 /* Flix */;
			targetProxy = 5885B0DE254397F200006BE3 /* PBXContainerItemProxy */;
		};
/* End PBXTargetDependency section */

/* Begin XCBuildConfiguration section */
		5885B0E4254397F200006BE3 /* Debug */ = {
			isa = XCBuildConfiguration;
			buildSettings = {
				ALWAYS_SEARCH_USER_PATHS = NO;
				CLANG_ANALYZER_NONNULL = YES;
				CLANG_ANALYZER_NUMBER_OBJECT_CONVERSION = YES_AGGRESSIVE;
				CLANG_CXX_LANGUAGE_STANDARD = "gnu++14";
				CLANG_CXX_LIBRARY = "libc++";
				CLANG_ENABLE_MODULES = YES;
				CLANG_ENABLE_OBJC_ARC = YES;
				CLANG_ENABLE_OBJC_WEAK = YES;
				CLANG_WARN_BLOCK_CAPTURE_AUTORELEASING = YES;
				CLANG_WARN_BOOL_CONVERSION = YES;
				CLANG_WARN_COMMA = YES;
				CLANG_WARN_CONSTANT_CONVERSION = YES;
				CLANG_WARN_DEPRECATED_OBJC_IMPLEMENTATIONS = YES;
				CLANG_WARN_DIRECT_OBJC_ISA_USAGE = YES_ERROR;
				CLANG_WARN_DOCUMENTATION_COMMENTS = YES;
				CLANG_WARN_EMPTY_BODY = YES;
				CLANG_WARN_ENUM_CONVERSION = YES;
				CLANG_WARN_INFINITE_RECURSION = YES;
				CLANG_WARN_INT_CONVERSION = YES;
				CLANG_WARN_NON_LITERAL_NULL_CONVERSION = YES;
				CLANG_WARN_OBJC_IMPLICIT_RETAIN_SELF = YES;
				CLANG_WARN_OBJC_LITERAL_CONVERSION = YES;
				CLANG_WARN_OBJC_ROOT_CLASS = YES_ERROR;
				CLANG_WARN_QUOTED_INCLUDE_IN_FRAMEWORK_HEADER = YES;
				CLANG_WARN_RANGE_LOOP_ANALYSIS = YES;
				CLANG_WARN_STRICT_PROTOTYPES = YES;
				CLANG_WARN_SUSPICIOUS_MOVE = YES;
				CLANG_WARN_UNGUARDED_AVAILABILITY = YES_AGGRESSIVE;
				CLANG_WARN_UNREACHABLE_CODE = YES;
				CLANG_WARN__DUPLICATE_METHOD_MATCH = YES;
				COPY_PHASE_STRIP = NO;
				DEBUG_INFORMATION_FORMAT = dwarf;
				ENABLE_STRICT_OBJC_MSGSEND = YES;
				ENABLE_TESTABILITY = YES;
				GCC_C_LANGUAGE_STANDARD = gnu11;
				GCC_DYNAMIC_NO_PIC = NO;
				GCC_NO_COMMON_BLOCKS = YES;
				GCC_OPTIMIZATION_LEVEL = 0;
				GCC_PREPROCESSOR_DEFINITIONS = (
					"DEBUG=1",
					"$(inherited)",
				);
				GCC_WARN_64_TO_32_BIT_CONVERSION = YES;
				GCC_WARN_ABOUT_RETURN_TYPE = YES_ERROR;
				GCC_WARN_UNDECLARED_SELECTOR = YES;
				GCC_WARN_UNINITIALIZED_AUTOS = YES_AGGRESSIVE;
				GCC_WARN_UNUSED_FUNCTION = YES;
				GCC_WARN_UNUSED_VARIABLE = YES;
				IPHONEOS_DEPLOYMENT_TARGET = 14.0;
				MTL_ENABLE_DEBUG_INFO = INCLUDE_SOURCE;
				MTL_FAST_MATH = YES;
				ONLY_ACTIVE_ARCH = YES;
				SDKROOT = iphoneos;
				SWIFT_ACTIVE_COMPILATION_CONDITIONS = DEBUG;
				SWIFT_OPTIMIZATION_LEVEL = "-Onone";
			};
			name = Debug;
		};
		5885B0E5254397F200006BE3 /* Release */ = {
			isa = XCBuildConfiguration;
			buildSettings = {
				ALWAYS_SEARCH_USER_PATHS = NO;
				CLANG_ANALYZER_NONNULL = YES;
				CLANG_ANALYZER_NUMBER_OBJECT_CONVERSION = YES_AGGRESSIVE;
				CLANG_CXX_LANGUAGE_STANDARD = "gnu++14";
				CLANG_CXX_LIBRARY = "libc++";
				CLANG_ENABLE_MODULES = YES;
				CLANG_ENABLE_OBJC_ARC = YES;
				CLANG_ENABLE_OBJC_WEAK = YES;
				CLANG_WARN_BLOCK_CAPTURE_AUTORELEASING = YES;
				CLANG_WARN_BOOL_CONVERSION = YES;
				CLANG_WARN_COMMA = YES;
				CLANG_WARN_CONSTANT_CONVERSION = YES;
				CLANG_WARN_DEPRECATED_OBJC_IMPLEMENTATIONS = YES;
				CLANG_WARN_DIRECT_OBJC_ISA_USAGE = YES_ERROR;
				CLANG_WARN_DOCUMENTATION_COMMENTS = YES;
				CLANG_WARN_EMPTY_BODY = YES;
				CLANG_WARN_ENUM_CONVERSION = YES;
				CLANG_WARN_INFINITE_RECURSION = YES;
				CLANG_WARN_INT_CONVERSION = YES;
				CLANG_WARN_NON_LITERAL_NULL_CONVERSION = YES;
				CLANG_WARN_OBJC_IMPLICIT_RETAIN_SELF = YES;
				CLANG_WARN_OBJC_LITERAL_CONVERSION = YES;
				CLANG_WARN_OBJC_ROOT_CLASS = YES_ERROR;
				CLANG_WARN_QUOTED_INCLUDE_IN_FRAMEWORK_HEADER = YES;
				CLANG_WARN_RANGE_LOOP_ANALYSIS = YES;
				CLANG_WARN_STRICT_PROTOTYPES = YES;
				CLANG_WARN_SUSPICIOUS_MOVE = YES;
				CLANG_WARN_UNGUARDED_AVAILABILITY = YES_AGGRESSIVE;
				CLANG_WARN_UNREACHABLE_CODE = YES;
				CLANG_WARN__DUPLICATE_METHOD_MATCH = YES;
				COPY_PHASE_STRIP = NO;
				DEBUG_INFORMATION_FORMAT = "dwarf-with-dsym";
				ENABLE_NS_ASSERTIONS = NO;
				ENABLE_STRICT_OBJC_MSGSEND = YES;
				GCC_C_LANGUAGE_STANDARD = gnu11;
				GCC_NO_COMMON_BLOCKS = YES;
				GCC_WARN_64_TO_32_BIT_CONVERSION = YES;
				GCC_WARN_ABOUT_RETURN_TYPE = YES_ERROR;
				GCC_WARN_UNDECLARED_SELECTOR = YES;
				GCC_WARN_UNINITIALIZED_AUTOS = YES_AGGRESSIVE;
				GCC_WARN_UNUSED_FUNCTION = YES;
				GCC_WARN_UNUSED_VARIABLE = YES;
				IPHONEOS_DEPLOYMENT_TARGET = 14.0;
				MTL_ENABLE_DEBUG_INFO = NO;
				MTL_FAST_MATH = YES;
				SDKROOT = iphoneos;
				SWIFT_COMPILATION_MODE = wholemodule;
				SWIFT_OPTIMIZATION_LEVEL = "-O";
				VALIDATE_PRODUCT = YES;
			};
			name = Release;
		};
		5885B0E7254397F200006BE3 /* Debug */ = {
			isa = XCBuildConfiguration;
			buildSettings = {
				ASSETCATALOG_COMPILER_APPICON_NAME = AppIcon;
				ASSETCATALOG_COMPILER_GLOBAL_ACCENT_COLOR_NAME = AccentColor;
				CODE_SIGN_STYLE = Automatic;
				INFOPLIST_FILE = Flix/Info.plist;
				LD_RUNPATH_SEARCH_PATHS = (
					"$(inherited)",
					"@executable_path/Frameworks",
				);
				PRODUCT_BUNDLE_IDENTIFIER = com.codepath.Flix;
				PRODUCT_NAME = "$(TARGET_NAME)";
				SWIFT_VERSION = 5.0;
				TARGETED_DEVICE_FAMILY = "1,2";
			};
			name = Debug;
		};
		5885B0E8254397F200006BE3 /* Release */ = {
			isa = XCBuildConfiguration;
			buildSettings = {
				ASSETCATALOG_COMPILER_APPICON_NAME = AppIcon;
				ASSETCATALOG_COMPILER_GLOBAL_ACCENT_COLOR_NAME = AccentColor;
				CODE_SIGN_STYLE = Automatic;
				INFOPLIST_FILE = Flix/Info.plist;
				LD_RUNPATH_SEARCH_PATHS = (
					"$(inherited)",
					"@executable_path/Frameworks",
				);
				PRODUCT_BUNDLE_IDENTIFIER = com.codepath.Flix;
				PRODUCT_NAME = "$(TARGET_NAME)";
				SWIFT_VERSION = 5.0;
				TARGETED_DEVICE_FAMILY = "1,2";
			};
			name = Release;
		};
		5885B0EA254397F200006BE3 /* Debug */ = {
			isa = XCBuildConfiguration;
			buildSettings = {
				BUNDLE_LOADER = "$(TEST_HOST)";
				CODE_SIGN_STYLE = Automatic;
				INFOPLIST_FILE = FlixTests/Info.plist;
				IPHONEOS_DEPLOYMENT_TARGET = 14.0;
				LD_RUNPATH_SEARCH_PATHS = (
					"$(inherited)",
					"@executable_path/Frameworks",
					"@loader_path/Frameworks",
				);
				PRODUCT_BUNDLE_IDENTIFIER = com.codepath.FlixTests;
				PRODUCT_NAME = "$(TARGET_NAME)";
				SWIFT_VERSION = 5.0;
				TARGETED_DEVICE_FAMILY = "1,2";
				TEST_HOST = "$(BUILT_PRODUCTS_DIR)/Flix.app/Flix";
			};
			name = Debug;
		};
		5885B0EB254397F200006BE3 /* Release */ = {
			isa = XCBuildConfiguration;
			buildSettings = {
				BUNDLE_LOADER = "$(TEST_HOST)";
				CODE_SIGN_STYLE = Automatic;
				INFOPLIST_FILE = FlixTests/Info.plist;
				IPHONEOS_DEPLOYMENT_TARGET = 14.0;
				LD_RUNPATH_SEARCH_PATHS = (
					"$(inherited)",
					"@executable_path/Frameworks",
					"@loader_path/Frameworks",
				);
				PRODUCT_BUNDLE_IDENTIFIER = com.codepath.FlixTests;
				PRODUCT_NAME = "$(TARGET_NAME)";
				SWIFT_VERSION = 5.0;
				TARGETED_DEVICE_FAMILY = "1,2";
				TEST_HOST = "$(BUILT_PRODUCTS_DIR)/Flix.app/Flix";
			};
			name = Release;
		};
		5885B0ED254397F200006BE3 /* Debug */ = {
			isa = XCBuildConfiguration;
			buildSettings = {
				CODE_SIGN_STYLE = Automatic;
				INFOPLIST_FILE = FlixUITests/Info.plist;
				LD_RUNPATH_SEARCH_PATHS = (
					"$(inherited)",
					"@executable_path/Frameworks",
					"@loader_path/Frameworks",
				);
				PRODUCT_BUNDLE_IDENTIFIER = com.codepath.FlixUITests;
				PRODUCT_NAME = "$(TARGET_NAME)";
				SWIFT_VERSION = 5.0;
				TARGETED_DEVICE_FAMILY = "1,2";
				TEST_TARGET_NAME = Flix;
			};
			name = Debug;
		};
		5885B0EE254397F200006BE3 /* Release */ = {
			isa = XCBuildConfiguration;
			buildSettings = {
				CODE_SIGN_STYLE = Automatic;
				INFOPLIST_FILE = FlixUITests/Info.plist;
				LD_RUNPATH_SEARCH_PATHS = (
					"$(inherited)",
					"@executable_path/Frameworks",
					"@loader_path/Frameworks",
				);
				PRODUCT_BUNDLE_IDENTIFIER = com.codepath.FlixUITests;
				PRODUCT_NAME = "$(TARGET_NAME)";
				SWIFT_VERSION = 5.0;
				TARGETED_DEVICE_FAMILY = "1,2";
				TEST_TARGET_NAME = Flix;
			};
			name = Release;
		};
/* End XCBuildConfiguration section */

/* Begin XCConfigurationList section */
		5885B0B7254397F000006BE3 /* Build configuration list for PBXProject "Flix" */ = {
			isa = XCConfigurationList;
			buildConfigurations = (
				5885B0E4254397F200006BE3 /* Debug */,
				5885B0E5254397F200006BE3 /* Release */,
			);
			defaultConfigurationIsVisible = 0;
			defaultConfigurationName = Release;
		};
		5885B0E6254397F200006BE3 /* Build configuration list for PBXNativeTarget "Flix" */ = {
			isa = XCConfigurationList;
			buildConfigurations = (
				5885B0E7254397F200006BE3 /* Debug */,
				5885B0E8254397F200006BE3 /* Release */,
			);
			defaultConfigurationIsVisible = 0;
			defaultConfigurationName = Release;
		};
		5885B0E9254397F200006BE3 /* Build configuration list for PBXNativeTarget "FlixTests" */ = {
			isa = XCConfigurationList;
			buildConfigurations = (
				5885B0EA254397F200006BE3 /* Debug */,
				5885B0EB254397F200006BE3 /* Release */,
			);
			defaultConfigurationIsVisible = 0;
			defaultConfigurationName = Release;
		};
		5885B0EC254397F200006BE3 /* Build configuration list for PBXNativeTarget "FlixUITests" */ = {
			isa = XCConfigurationList;
			buildConfigurations = (
				5885B0ED254397F200006BE3 /* Debug */,
				5885B0EE254397F200006BE3 /* Release */,
			);
			defaultConfigurationIsVisible = 0;
			defaultConfigurationName = Release;
		};
/* End XCConfigurationList section */
	};
	rootObject = 5885B0B4254397F000006BE3 /* Project object */;
}
